{
  "name": "@mihon/spacejam",
  "version": "1.6.1",
  "lockfileVersion": 1,
  "requires": true,
  "dependencies": {
    "cake": {
      "version": "0.1.1",
      "resolved": "https://registry.npmjs.org/cake/-/cake-0.1.1.tgz",
      "integrity": "sha1-SmXQ2vsBgYAjFipxc0DdiOB4Wzc=",
      "requires": {
        "coffee-script": "1.12.7"
      },
      "dependencies": {
        "coffee-script": {
          "version": "1.12.7",
          "resolved": "https://registry.npmjs.org/coffee-script/-/coffee-script-1.12.7.tgz",
          "integrity": "sha512-fLeEhqwymYat/MpTPUjSKHVYYl0ec2mOyALEMLmzr5i1isuG+6jfI2j2d5oBO3VIzgUXgBVIcOT9uH1TFxBckw=="
        }
      }
    }
  }
}
